// !$*UTF8*$!
{
	archiveVersion = 1;
	classes = {
	};
	objectVersion = 46;
	objects = {

/* Begin PBXBuildFile section */
		58D7BFA01A3697B700F15DF4 /* AppDelegate.swift in Sources */ = {isa = PBXBuildFile; fileRef = 58D7BF9F1A3697B700F15DF4 /* AppDelegate.swift */; };
		58D7BFA21A3697B700F15DF4 /* ViewController.swift in Sources */ = {isa = PBXBuildFile; fileRef = 58D7BFA11A3697B700F15DF4 /* ViewController.swift */; };
		58D7BFA51A3697B700F15DF4 /* Main.storyboard in Resources */ = {isa = PBXBuildFile; fileRef = 58D7BFA31A3697B700F15DF4 /* Main.storyboard */; };
		58D7BFA71A3697B700F15DF4 /* Images.xcassets in Resources */ = {isa = PBXBuildFile; fileRef = 58D7BFA61A3697B700F15DF4 /* Images.xcassets */; };
		58D7BFAA1A3697B700F15DF4 /* LaunchScreen.xib in Resources */ = {isa = PBXBuildFile; fileRef = 58D7BFA81A3697B700F15DF4 /* LaunchScreen.xib */; };
		58D7BFB61A3697B700F15DF4 /* NoteifyMeTests.swift in Sources */ = {isa = PBXBuildFile; fileRef = 58D7BFB51A3697B700F15DF4 /* NoteifyMeTests.swift */; };
		58D7BFD31A3698B000F15DF4 /* WatchKit.framework in Frameworks */ = {isa = PBXBuildFile; fileRef = 58D7BFD21A3698B000F15DF4 /* WatchKit.framework */; };
		58D7BFD91A3698B000F15DF4 /* InterfaceController.swift in Sources */ = {isa = PBXBuildFile; fileRef = 58D7BFD81A3698B000F15DF4 /* InterfaceController.swift */; };
		58D7BFDB1A3698B000F15DF4 /* NotificationController.swift in Sources */ = {isa = PBXBuildFile; fileRef = 58D7BFDA1A3698B000F15DF4 /* NotificationController.swift */; };
		58D7BFDD1A3698B000F15DF4 /* GlanceController.swift in Sources */ = {isa = PBXBuildFile; fileRef = 58D7BFDC1A3698B000F15DF4 /* GlanceController.swift */; };
		58D7BFDF1A3698B000F15DF4 /* Images.xcassets in Resources */ = {isa = PBXBuildFile; fileRef = 58D7BFDE1A3698B000F15DF4 /* Images.xcassets */; };
		58D7BFE31A3698B000F15DF4 /* NoteifyMe Watch App.app in Resources */ = {isa = PBXBuildFile; fileRef = 58D7BFE21A3698B000F15DF4 /* NoteifyMe Watch App.app */; };
		58D7BFEA1A3698B000F15DF4 /* Interface.storyboard in Resources */ = {isa = PBXBuildFile; fileRef = 58D7BFE91A3698B000F15DF4 /* Interface.storyboard */; };
		58D7BFEC1A3698B000F15DF4 /* Images.xcassets in Resources */ = {isa = PBXBuildFile; fileRef = 58D7BFEB1A3698B000F15DF4 /* Images.xcassets */; };
		58D7BFEF1A3698B000F15DF4 /* NoteifyMe WatchKit Extension.appex in Embed App Extensions */ = {isa = PBXBuildFile; fileRef = 58D7BFD01A3698B000F15DF4 /* NoteifyMe WatchKit Extension.appex */; settings = {ATTRIBUTES = (RemoveHeadersOnCopy, ); }; };
/* End PBXBuildFile section */

/* Begin PBXContainerItemProxy section */
		58D7BFB01A3697B700F15DF4 /* PBXContainerItemProxy */ = {
			isa = PBXContainerItemProxy;
			containerPortal = 58D7BF921A3697B700F15DF4 /* Project object */;
			proxyType = 1;
			remoteGlobalIDString = 58D7BF991A3697B700F15DF4;
			remoteInfo = NoteifyMe;
		};
		58D7BFE41A3698B000F15DF4 /* PBXContainerItemProxy */ = {
			isa = PBXContainerItemProxy;
			containerPortal = 58D7BF921A3697B700F15DF4 /* Project object */;
			proxyType = 1;
			remoteGlobalIDString = 58D7BFE11A3698B000F15DF4;
			remoteInfo = "NoteifyMe Watch App";
		};
		58D7BFED1A3698B000F15DF4 /* PBXContainerItemProxy */ = {
			isa = PBXContainerItemProxy;
			containerPortal = 58D7BF921A3697B700F15DF4 /* Project object */;
			proxyType = 1;
			remoteGlobalIDString = 58D7BFCF1A3698B000F15DF4;
			remoteInfo = "NoteifyMe WatchKit Extension";
		};
/* End PBXContainerItemProxy section */

/* Begin PBXCopyFilesBuildPhase section */
		58D7BFF61A3698B000F15DF4 /* Embed App Extensions */ = {
			isa = PBXCopyFilesBuildPhase;
			buildActionMask = 2147483647;
			dstPath = "";
			dstSubfolderSpec = 13;
			files = (
				58D7BFEF1A3698B000F15DF4 /* NoteifyMe WatchKit Extension.appex in Embed App Extensions */,
			);
			name = "Embed App Extensions";
			runOnlyForDeploymentPostprocessing = 0;
		};
/* End PBXCopyFilesBuildPhase section */

/* Begin PBXFileReference section */
		58D7BF9A1A3697B700F15DF4 /* NoteifyMe.app */ = {isa = PBXFileReference; explicitFileType = wrapper.application; includeInIndex = 0; path = NoteifyMe.app; sourceTree = BUILT_PRODUCTS_DIR; };
		58D7BF9E1A3697B700F15DF4 /* Info.plist */ = {isa = PBXFileReference; lastKnownFileType = text.plist.xml; path = Info.plist; sourceTree = "<group>"; };
		58D7BF9F1A3697B700F15DF4 /* AppDelegate.swift */ = {isa = PBXFileReference; lastKnownFileType = sourcecode.swift; path = AppDelegate.swift; sourceTree = "<group>"; };
		58D7BFA11A3697B700F15DF4 /* ViewController.swift */ = {isa = PBXFileReference; lastKnownFileType = sourcecode.swift; path = ViewController.swift; sourceTree = "<group>"; };
		58D7BFA41A3697B700F15DF4 /* Base */ = {isa = PBXFileReference; lastKnownFileType = file.storyboard; name = Base; path = Base.lproj/Main.storyboard; sourceTree = "<group>"; };
		58D7BFA61A3697B700F15DF4 /* Images.xcassets */ = {isa = PBXFileReference; lastKnownFileType = folder.assetcatalog; path = Images.xcassets; sourceTree = "<group>"; };
		58D7BFA91A3697B700F15DF4 /* Base */ = {isa = PBXFileReference; lastKnownFileType = file.xib; name = Base; path = Base.lproj/LaunchScreen.xib; sourceTree = "<group>"; };
		58D7BFAF1A3697B700F15DF4 /* NoteifyMeTests.xctest */ = {isa = PBXFileReference; explicitFileType = wrapper.cfbundle; includeInIndex = 0; path = NoteifyMeTests.xctest; sourceTree = BUILT_PRODUCTS_DIR; };
		58D7BFB41A3697B700F15DF4 /* Info.plist */ = {isa = PBXFileReference; lastKnownFileType = text.plist.xml; path = Info.plist; sourceTree = "<group>"; };
		58D7BFB51A3697B700F15DF4 /* NoteifyMeTests.swift */ = {isa = PBXFileReference; lastKnownFileType = sourcecode.swift; path = NoteifyMeTests.swift; sourceTree = "<group>"; };
		58D7BFD01A3698B000F15DF4 /* NoteifyMe WatchKit Extension.appex */ = {isa = PBXFileReference; explicitFileType = "wrapper.app-extension"; includeInIndex = 0; path = "NoteifyMe WatchKit Extension.appex"; sourceTree = BUILT_PRODUCTS_DIR; };
		58D7BFD21A3698B000F15DF4 /* WatchKit.framework */ = {isa = PBXFileReference; lastKnownFileType = wrapper.framework; name = WatchKit.framework; path = System/Library/Frameworks/WatchKit.framework; sourceTree = SDKROOT; };
		58D7BFD61A3698B000F15DF4 /* Info.plist */ = {isa = PBXFileReference; lastKnownFileType = text.plist.xml; path = Info.plist; sourceTree = "<group>"; };
		58D7BFD71A3698B000F15DF4 /* PushNotificationPayload.json */ = {isa = PBXFileReference; lastKnownFileType = text.json; path = PushNotificationPayload.json; sourceTree = "<group>"; };
		58D7BFD81A3698B000F15DF4 /* InterfaceController.swift */ = {isa = PBXFileReference; lastKnownFileType = sourcecode.swift; path = InterfaceController.swift; sourceTree = "<group>"; };
		58D7BFDA1A3698B000F15DF4 /* NotificationController.swift */ = {isa = PBXFileReference; lastKnownFileType = sourcecode.swift; path = NotificationController.swift; sourceTree = "<group>"; };
		58D7BFDC1A3698B000F15DF4 /* GlanceController.swift */ = {isa = PBXFileReference; lastKnownFileType = sourcecode.swift; path = GlanceController.swift; sourceTree = "<group>"; };
		58D7BFDE1A3698B000F15DF4 /* Images.xcassets */ = {isa = PBXFileReference; lastKnownFileType = folder.assetcatalog; path = Images.xcassets; sourceTree = "<group>"; };
		58D7BFE21A3698B000F15DF4 /* NoteifyMe Watch App.app */ = {isa = PBXFileReference; explicitFileType = wrapper.application; includeInIndex = 0; path = "NoteifyMe Watch App.app"; sourceTree = BUILT_PRODUCTS_DIR; };
		58D7BFE81A3698B000F15DF4 /* Info.plist */ = {isa = PBXFileReference; lastKnownFileType = text.plist.xml; path = Info.plist; sourceTree = "<group>"; };
		58D7BFE91A3698B000F15DF4 /* Interface.storyboard */ = {isa = PBXFileReference; lastKnownFileType = file.storyboard; path = Interface.storyboard; sourceTree = "<group>"; };
		58D7BFEB1A3698B000F15DF4 /* Images.xcassets */ = {isa = PBXFileReference; lastKnownFileType = folder.assetcatalog; path = Images.xcassets; sourceTree = "<group>"; };
/* End PBXFileReference section */

/* Begin PBXFrameworksBuildPhase section */
		58D7BF971A3697B700F15DF4 /* Frameworks */ = {
			isa = PBXFrameworksBuildPhase;
			buildActionMask = 2147483647;
			files = (
			);
			runOnlyForDeploymentPostprocessing = 0;
		};
		58D7BFAC1A3697B700F15DF4 /* Frameworks */ = {
			isa = PBXFrameworksBuildPhase;
			buildActionMask = 2147483647;
			files = (
			);
			runOnlyForDeploymentPostprocessing = 0;
		};
		58D7BFCD1A3698B000F15DF4 /* Frameworks */ = {
			isa = PBXFrameworksBuildPhase;
			buildActionMask = 2147483647;
			files = (
				58D7BFD31A3698B000F15DF4 /* WatchKit.framework in Frameworks */,
			);
			runOnlyForDeploymentPostprocessing = 0;
		};
/* End PBXFrameworksBuildPhase section */

/* Begin PBXGroup section */
		58D7BF911A3697B700F15DF4 = {
			isa = PBXGroup;
			children = (
				58D7BF9C1A3697B700F15DF4 /* NoteifyMe */,
				58D7BFB21A3697B700F15DF4 /* NoteifyMeTests */,
				58D7BFD41A3698B000F15DF4 /* NoteifyMe WatchKit Extension */,
				58D7BFE61A3698B000F15DF4 /* NoteifyMe Watch App */,
				58D7BFD11A3698B000F15DF4 /* Frameworks */,
				58D7BF9B1A3697B700F15DF4 /* Products */,
			);
			sourceTree = "<group>";
		};
		58D7BF9B1A3697B700F15DF4 /* Products */ = {
			isa = PBXGroup;
			children = (
				58D7BF9A1A3697B700F15DF4 /* NoteifyMe.app */,
				58D7BFAF1A3697B700F15DF4 /* NoteifyMeTests.xctest */,
				58D7BFD01A3698B000F15DF4 /* NoteifyMe WatchKit Extension.appex */,
				58D7BFE21A3698B000F15DF4 /* NoteifyMe Watch App.app */,
			);
			name = Products;
			sourceTree = "<group>";
		};
		58D7BF9C1A3697B700F15DF4 /* NoteifyMe */ = {
			isa = PBXGroup;
			children = (
				58D7BF9F1A3697B700F15DF4 /* AppDelegate.swift */,
				58D7BFA11A3697B700F15DF4 /* ViewController.swift */,
				58D7BFA31A3697B700F15DF4 /* Main.storyboard */,
				58D7BFA61A3697B700F15DF4 /* Images.xcassets */,
				58D7BFA81A3697B700F15DF4 /* LaunchScreen.xib */,
				58D7BF9D1A3697B700F15DF4 /* Supporting Files */,
			);
			path = NoteifyMe;
			sourceTree = "<group>";
		};
		58D7BF9D1A3697B700F15DF4 /* Supporting Files */ = {
			isa = PBXGroup;
			children = (
				58D7BF9E1A3697B700F15DF4 /* Info.plist */,
			);
			name = "Supporting Files";
			sourceTree = "<group>";
		};
		58D7BFB21A3697B700F15DF4 /* NoteifyMeTests */ = {
			isa = PBXGroup;
			children = (
				58D7BFB51A3697B700F15DF4 /* NoteifyMeTests.swift */,
				58D7BFB31A3697B700F15DF4 /* Supporting Files */,
			);
			path = NoteifyMeTests;
			sourceTree = "<group>";
		};
		58D7BFB31A3697B700F15DF4 /* Supporting Files */ = {
			isa = PBXGroup;
			children = (
				58D7BFB41A3697B700F15DF4 /* Info.plist */,
			);
			name = "Supporting Files";
			sourceTree = "<group>";
		};
		58D7BFD11A3698B000F15DF4 /* Frameworks */ = {
			isa = PBXGroup;
			children = (
				58D7BFD21A3698B000F15DF4 /* WatchKit.framework */,
			);
			name = Frameworks;
			sourceTree = "<group>";
		};
		58D7BFD41A3698B000F15DF4 /* NoteifyMe WatchKit Extension */ = {
			isa = PBXGroup;
			children = (
				58D7BFD81A3698B000F15DF4 /* InterfaceController.swift */,
				58D7BFDA1A3698B000F15DF4 /* NotificationController.swift */,
				58D7BFDC1A3698B000F15DF4 /* GlanceController.swift */,
				58D7BFDE1A3698B000F15DF4 /* Images.xcassets */,
				58D7BFD51A3698B000F15DF4 /* Supporting Files */,
			);
			path = "NoteifyMe WatchKit Extension";
			sourceTree = "<group>";
		};
		58D7BFD51A3698B000F15DF4 /* Supporting Files */ = {
			isa = PBXGroup;
			children = (
				58D7BFD61A3698B000F15DF4 /* Info.plist */,
				58D7BFD71A3698B000F15DF4 /* PushNotificationPayload.json */,
			);
			name = "Supporting Files";
			sourceTree = "<group>";
		};
		58D7BFE61A3698B000F15DF4 /* NoteifyMe Watch App */ = {
			isa = PBXGroup;
			children = (
				58D7BFE91A3698B000F15DF4 /* Interface.storyboard */,
				58D7BFEB1A3698B000F15DF4 /* Images.xcassets */,
				58D7BFE71A3698B000F15DF4 /* Supporting Files */,
			);
			path = "NoteifyMe Watch App";
			sourceTree = "<group>";
		};
		58D7BFE71A3698B000F15DF4 /* Supporting Files */ = {
			isa = PBXGroup;
			children = (
				58D7BFE81A3698B000F15DF4 /* Info.plist */,
			);
			name = "Supporting Files";
			sourceTree = "<group>";
		};
/* End PBXGroup section */

/* Begin PBXNativeTarget section */
		58D7BF991A3697B700F15DF4 /* NoteifyMe */ = {
			isa = PBXNativeTarget;
			buildConfigurationList = 58D7BFB91A3697B700F15DF4 /* Build configuration list for PBXNativeTarget "NoteifyMe" */;
			buildPhases = (
				58D7BF961A3697B700F15DF4 /* Sources */,
				58D7BF971A3697B700F15DF4 /* Frameworks */,
				58D7BF981A3697B700F15DF4 /* Resources */,
				58D7BFF61A3698B000F15DF4 /* Embed App Extensions */,
			);
			buildRules = (
			);
			dependencies = (
				58D7BFEE1A3698B000F15DF4 /* PBXTargetDependency */,
			);
			name = NoteifyMe;
			productName = NoteifyMe;
			productReference = 58D7BF9A1A3697B700F15DF4 /* NoteifyMe.app */;
			productType = "com.apple.product-type.application";
		};
		58D7BFAE1A3697B700F15DF4 /* NoteifyMeTests */ = {
			isa = PBXNativeTarget;
			buildConfigurationList = 58D7BFBC1A3697B700F15DF4 /* Build configuration list for PBXNativeTarget "NoteifyMeTests" */;
			buildPhases = (
				58D7BFAB1A3697B700F15DF4 /* Sources */,
				58D7BFAC1A3697B700F15DF4 /* Frameworks */,
				58D7BFAD1A3697B700F15DF4 /* Resources */,
			);
			buildRules = (
			);
			dependencies = (
				58D7BFB11A3697B700F15DF4 /* PBXTargetDependency */,
			);
			name = NoteifyMeTests;
			productName = NoteifyMeTests;
			productReference = 58D7BFAF1A3697B700F15DF4 /* NoteifyMeTests.xctest */;
			productType = "com.apple.product-type.bundle.unit-test";
		};
		58D7BFCF1A3698B000F15DF4 /* NoteifyMe WatchKit Extension */ = {
			isa = PBXNativeTarget;
			buildConfigurationList = 58D7BFF31A3698B000F15DF4 /* Build configuration list for PBXNativeTarget "NoteifyMe WatchKit Extension" */;
			buildPhases = (
				58D7BFCC1A3698B000F15DF4 /* Sources */,
				58D7BFCD1A3698B000F15DF4 /* Frameworks */,
				58D7BFCE1A3698B000F15DF4 /* Resources */,
			);
			buildRules = (
			);
			dependencies = (
				58D7BFE51A3698B000F15DF4 /* PBXTargetDependency */,
			);
			name = "NoteifyMe WatchKit Extension";
			productName = "NoteifyMe WatchKit Extension";
			productReference = 58D7BFD01A3698B000F15DF4 /* NoteifyMe WatchKit Extension.appex */;
			productType = "com.apple.product-type.watchkit-extension";
		};
		58D7BFE11A3698B000F15DF4 /* NoteifyMe Watch App */ = {
			isa = PBXNativeTarget;
			buildConfigurationList = 58D7BFF01A3698B000F15DF4 /* Build configuration list for PBXNativeTarget "NoteifyMe Watch App" */;
			buildPhases = (
				58D7BFE01A3698B000F15DF4 /* Resources */,
			);
			buildRules = (
			);
			dependencies = (
			);
			name = "NoteifyMe Watch App";
			productName = "NoteifyMe Watch App";
			productReference = 58D7BFE21A3698B000F15DF4 /* NoteifyMe Watch App.app */;
			productType = "com.apple.product-type.application.watchapp";
		};
/* End PBXNativeTarget section */

/* Begin PBXProject section */
		58D7BF921A3697B700F15DF4 /* Project object */ = {
			isa = PBXProject;
			attributes = {
				LastUpgradeCheck = 0620;
				ORGANIZATIONNAME = "Justin Baumgartner";
				TargetAttributes = {
					58D7BF991A3697B700F15DF4 = {
						CreatedOnToolsVersion = 6.2;
					};
					58D7BFAE1A3697B700F15DF4 = {
						CreatedOnToolsVersion = 6.2;
						TestTargetID = 58D7BF991A3697B700F15DF4;
					};
					58D7BFCF1A3698B000F15DF4 = {
						CreatedOnToolsVersion = 6.2;
					};
					58D7BFE11A3698B000F15DF4 = {
						CreatedOnToolsVersion = 6.2;
					};
				};
			};
			buildConfigurationList = 58D7BF951A3697B700F15DF4 /* Build configuration list for PBXProject "NoteifyMe" */;
			compatibilityVersion = "Xcode 3.2";
			developmentRegion = English;
			hasScannedForEncodings = 0;
			knownRegions = (
				en,
				Base,
			);
			mainGroup = 58D7BF911A3697B700F15DF4;
			productRefGroup = 58D7BF9B1A3697B700F15DF4 /* Products */;
			projectDirPath = "";
			projectRoot = "";
			targets = (
				58D7BF991A3697B700F15DF4 /* NoteifyMe */,
				58D7BFAE1A3697B700F15DF4 /* NoteifyMeTests */,
				58D7BFCF1A3698B000F15DF4 /* NoteifyMe WatchKit Extension */,
				58D7BFE11A3698B000F15DF4 /* NoteifyMe Watch App */,
			);
		};
/* End PBXProject section */

/* Begin PBXResourcesBuildPhase section */
		58D7BF981A3697B700F15DF4 /* Resources */ = {
			isa = PBXResourcesBuildPhase;
			buildActionMask = 2147483647;
			files = (
				58D7BFA51A3697B700F15DF4 /* Main.storyboard in Resources */,
				58D7BFAA1A3697B700F15DF4 /* LaunchScreen.xib in Resources */,
				58D7BFA71A3697B700F15DF4 /* Images.xcassets in Resources */,
			);
			runOnlyForDeploymentPostprocessing = 0;
		};
		58D7BFAD1A3697B700F15DF4 /* Resources */ = {
			isa = PBXResourcesBuildPhase;
			buildActionMask = 2147483647;
			files = (
			);
			runOnlyForDeploymentPostprocessing = 0;
		};
		58D7BFCE1A3698B000F15DF4 /* Resources */ = {
			isa = PBXResourcesBuildPhase;
			buildActionMask = 2147483647;
			files = (
				58D7BFE31A3698B000F15DF4 /* NoteifyMe Watch App.app in Resources */,
				58D7BFDF1A3698B000F15DF4 /* Images.xcassets in Resources */,
			);
			runOnlyForDeploymentPostprocessing = 0;
		};
		58D7BFE01A3698B000F15DF4 /* Resources */ = {
			isa = PBXResourcesBuildPhase;
			buildActionMask = 2147483647;
			files = (
				58D7BFEA1A3698B000F15DF4 /* Interface.storyboard in Resources */,
				58D7BFEC1A3698B000F15DF4 /* Images.xcassets in Resources */,
			);
			runOnlyForDeploymentPostprocessing = 0;
		};
/* End PBXResourcesBuildPhase section */

/* Begin PBXSourcesBuildPhase section */
		58D7BF961A3697B700F15DF4 /* Sources */ = {
			isa = PBXSourcesBuildPhase;
			buildActionMask = 2147483647;
			files = (
				58D7BFA21A3697B700F15DF4 /* ViewController.swift in Sources */,
				58D7BFA01A3697B700F15DF4 /* AppDelegate.swift in Sources */,
			);
			runOnlyForDeploymentPostprocessing = 0;
		};
		58D7BFAB1A3697B700F15DF4 /* Sources */ = {
			isa = PBXSourcesBuildPhase;
			buildActionMask = 2147483647;
			files = (
				58D7BFB61A3697B700F15DF4 /* NoteifyMeTests.swift in Sources */,
			);
			runOnlyForDeploymentPostprocessing = 0;
		};
		58D7BFCC1A3698B000F15DF4 /* Sources */ = {
			isa = PBXSourcesBuildPhase;
			buildActionMask = 2147483647;
			files = (
				58D7BFDB1A3698B000F15DF4 /* NotificationController.swift in Sources */,
				58D7BFD91A3698B000F15DF4 /* InterfaceController.swift in Sources */,
				58D7BFDD1A3698B000F15DF4 /* GlanceController.swift in Sources */,
			);
			runOnlyForDeploymentPostprocessing = 0;
		};
/* End PBXSourcesBuildPhase section */

/* Begin PBXTargetDependency section */
		58D7BFB11A3697B700F15DF4 /* PBXTargetDependency */ = {
			isa = PBXTargetDependency;
			target = 58D7BF991A3697B700F15DF4 /* NoteifyMe */;
			targetProxy = 58D7BFB01A3697B700F15DF4 /* PBXContainerItemProxy */;
		};
		58D7BFE51A3698B000F15DF4 /* PBXTargetDependency */ = {
			isa = PBXTargetDependency;
			target = 58D7BFE11A3698B000F15DF4 /* NoteifyMe Watch App */;
			targetProxy = 58D7BFE41A3698B000F15DF4 /* PBXContainerItemProxy */;
		};
		58D7BFEE1A3698B000F15DF4 /* PBXTargetDependency */ = {
			isa = PBXTargetDependency;
			target = 58D7BFCF1A3698B000F15DF4 /* NoteifyMe WatchKit Extension */;
			targetProxy = 58D7BFED1A3698B000F15DF4 /* PBXContainerItemProxy */;
		};
/* End PBXTargetDependency section */

/* Begin PBXVariantGroup section */
		58D7BFA31A3697B700F15DF4 /* Main.storyboard */ = {
			isa = PBXVariantGroup;
			children = (
				58D7BFA41A3697B700F15DF4 /* Base */,
			);
			name = Main.storyboard;
			sourceTree = "<group>";
		};
		58D7BFA81A3697B700F15DF4 /* LaunchScreen.xib */ = {
			isa = PBXVariantGroup;
			children = (
				58D7BFA91A3697B700F15DF4 /* Base */,
			);
			name = LaunchScreen.xib;
			sourceTree = "<group>";
		};
/* End PBXVariantGroup section */

/* Begin XCBuildConfiguration section */
		58D7BFB71A3697B700F15DF4 /* Debug */ = {
			isa = XCBuildConfiguration;
			buildSettings = {
				ALWAYS_SEARCH_USER_PATHS = NO;
				CLANG_CXX_LANGUAGE_STANDARD = "gnu++0x";
				CLANG_CXX_LIBRARY = "libc++";
				CLANG_ENABLE_MODULES = YES;
				CLANG_ENABLE_OBJC_ARC = YES;
				CLANG_WARN_BOOL_CONVERSION = YES;
				CLANG_WARN_CONSTANT_CONVERSION = YES;
				CLANG_WARN_DIRECT_OBJC_ISA_USAGE = YES_ERROR;
				CLANG_WARN_EMPTY_BODY = YES;
				CLANG_WARN_ENUM_CONVERSION = YES;
				CLANG_WARN_INT_CONVERSION = YES;
				CLANG_WARN_OBJC_ROOT_CLASS = YES_ERROR;
				CLANG_WARN_UNREACHABLE_CODE = YES;
				CLANG_WARN__DUPLICATE_METHOD_MATCH = YES;
				"CODE_SIGN_IDENTITY[sdk=iphoneos*]" = "iPhone Developer";
				COPY_PHASE_STRIP = NO;
				ENABLE_STRICT_OBJC_MSGSEND = YES;
				GCC_C_LANGUAGE_STANDARD = gnu99;
				GCC_DYNAMIC_NO_PIC = NO;
				GCC_OPTIMIZATION_LEVEL = 0;
				GCC_PREPROCESSOR_DEFINITIONS = (
					"DEBUG=1",
					"$(inherited)",
				);
				GCC_SYMBOLS_PRIVATE_EXTERN = NO;
				GCC_WARN_64_TO_32_BIT_CONVERSION = YES;
				GCC_WARN_ABOUT_RETURN_TYPE = YES_ERROR;
				GCC_WARN_UNDECLARED_SELECTOR = YES;
				GCC_WARN_UNINITIALIZED_AUTOS = YES_AGGRESSIVE;
				GCC_WARN_UNUSED_FUNCTION = YES;
				GCC_WARN_UNUSED_VARIABLE = YES;
				IPHONEOS_DEPLOYMENT_TARGET = 8.2;
				MTL_ENABLE_DEBUG_INFO = YES;
				ONLY_ACTIVE_ARCH = YES;
				SDKROOT = iphoneos;
				SWIFT_OPTIMIZATION_LEVEL = "-Onone";
				TARGETED_DEVICE_FAMILY = "1,2";
			};
			name = Debug;
		};
		58D7BFB81A3697B700F15DF4 /* Release */ = {
			isa = XCBuildConfiguration;
			buildSettings = {
				ALWAYS_SEARCH_USER_PATHS = NO;
				CLANG_CXX_LANGUAGE_STANDARD = "gnu++0x";
				CLANG_CXX_LIBRARY = "libc++";
				CLANG_ENABLE_MODULES = YES;
				CLANG_ENABLE_OBJC_ARC = YES;
				CLANG_WARN_BOOL_CONVERSION = YES;
				CLANG_WARN_CONSTANT_CONVERSION = YES;
				CLANG_WARN_DIRECT_OBJC_ISA_USAGE = YES_ERROR;
				CLANG_WARN_EMPTY_BODY = YES;
				CLANG_WARN_ENUM_CONVERSION = YES;
				CLANG_WARN_INT_CONVERSION = YES;
				CLANG_WARN_OBJC_ROOT_CLASS = YES_ERROR;
				CLANG_WARN_UNREACHABLE_CODE = YES;
				CLANG_WARN__DUPLICATE_METHOD_MATCH = YES;
				"CODE_SIGN_IDENTITY[sdk=iphoneos*]" = "iPhone Developer";
				COPY_PHASE_STRIP = YES;
				ENABLE_NS_ASSERTIONS = NO;
				ENABLE_STRICT_OBJC_MSGSEND = YES;
				GCC_C_LANGUAGE_STANDARD = gnu99;
				GCC_WARN_64_TO_32_BIT_CONVERSION = YES;
				GCC_WARN_ABOUT_RETURN_TYPE = YES_ERROR;
				GCC_WARN_UNDECLARED_SELECTOR = YES;
				GCC_WARN_UNINITIALIZED_AUTOS = YES_AGGRESSIVE;
				GCC_WARN_UNUSED_FUNCTION = YES;
				GCC_WARN_UNUSED_VARIABLE = YES;
				IPHONEOS_DEPLOYMENT_TARGET = 8.2;
				MTL_ENABLE_DEBUG_INFO = NO;
				SDKROOT = iphoneos;
				TARGETED_DEVICE_FAMILY = "1,2";
				VALIDATE_PRODUCT = YES;
			};
			name = Release;
		};
		58D7BFBA1A3697B700F15DF4 /* Debug */ = {
			isa = XCBuildConfiguration;
			buildSettings = {
				ASSETCATALOG_COMPILER_APPICON_NAME = AppIcon;
				EMBEDDED_CONTENT_CONTAINS_SWIFT = YES;
				INFOPLIST_FILE = NoteifyMe/Info.plist;
				LD_RUNPATH_SEARCH_PATHS = "$(inherited) @executable_path/Frameworks";
				PRODUCT_NAME = "$(TARGET_NAME)";
			};
			name = Debug;
		};
		58D7BFBB1A3697B700F15DF4 /* Release */ = {
			isa = XCBuildConfiguration;
			buildSettings = {
				ASSETCATALOG_COMPILER_APPICON_NAME = AppIcon;
				EMBEDDED_CONTENT_CONTAINS_SWIFT = YES;
				INFOPLIST_FILE = NoteifyMe/Info.plist;
				LD_RUNPATH_SEARCH_PATHS = "$(inherited) @executable_path/Frameworks";
				PRODUCT_NAME = "$(TARGET_NAME)";
			};
			name = Release;
		};
		58D7BFBD1A3697B700F15DF4 /* Debug */ = {
			isa = XCBuildConfiguration;
			buildSettings = {
				BUNDLE_LOADER = "$(TEST_HOST)";
				FRAMEWORK_SEARCH_PATHS = (
					"$(SDKROOT)/Developer/Library/Frameworks",
					"$(inherited)",
				);
				GCC_PREPROCESSOR_DEFINITIONS = (
					"DEBUG=1",
					"$(inherited)",
				);
				INFOPLIST_FILE = NoteifyMeTests/Info.plist;
				LD_RUNPATH_SEARCH_PATHS = "$(inherited) @executable_path/Frameworks @loader_path/Frameworks";
				PRODUCT_NAME = "$(TARGET_NAME)";
				TEST_HOST = "$(BUILT_PRODUCTS_DIR)/NoteifyMe.app/NoteifyMe";
			};
			name = Debug;
		};
		58D7BFBE1A3697B700F15DF4 /* Release */ = {
			isa = XCBuildConfiguration;
			buildSettings = {
				BUNDLE_LOADER = "$(TEST_HOST)";
				FRAMEWORK_SEARCH_PATHS = (
					"$(SDKROOT)/Developer/Library/Frameworks",
					"$(inherited)",
				);
				INFOPLIST_FILE = NoteifyMeTests/Info.plist;
				LD_RUNPATH_SEARCH_PATHS = "$(inherited) @executable_path/Frameworks @loader_path/Frameworks";
				PRODUCT_NAME = "$(TARGET_NAME)";
				TEST_HOST = "$(BUILT_PRODUCTS_DIR)/NoteifyMe.app/NoteifyMe";
			};
			name = Release;
		};
		58D7BFF11A3698B000F15DF4 /* Debug */ = {
			isa = XCBuildConfiguration;
			buildSettings = {
				ASSETCATALOG_COMPILER_APPICON_NAME = AppIcon;
				ASSETCATALOG_COMPILER_LAUNCHIMAGE_NAME = LaunchImage;
				GCC_PREPROCESSOR_DEFINITIONS = (
					"DEBUG=1",
					"$(inherited)",
				);
				IBSC_MODULE = NoteifyMe_WatchKit_Extension;
				INFOPLIST_FILE = "NoteifyMe Watch App/Info.plist";
				PRODUCT_NAME = "$(TARGET_NAME)";
				SKIP_INSTALL = YES;
				TARGETED_DEVICE_FAMILY = 4;
				"TARGETED_DEVICE_FAMILY[sdk=iphonesimulator*]" = "1,4";
			};
			name = Debug;
		};
		58D7BFF21A3698B000F15DF4 /* Release */ = {
			isa = XCBuildConfiguration;
			buildSettings = {
				ASSETCATALOG_COMPILER_APPICON_NAME = AppIcon;
				ASSETCATALOG_COMPILER_LAUNCHIMAGE_NAME = LaunchImage;
				IBSC_MODULE = NoteifyMe_WatchKit_Extension;
				INFOPLIST_FILE = "NoteifyMe Watch App/Info.plist";
				PRODUCT_NAME = "$(TARGET_NAME)";
				SKIP_INSTALL = YES;
				TARGETED_DEVICE_FAMILY = 4;
				"TARGETED_DEVICE_FAMILY[sdk=iphonesimulator*]" = "1,4";
			};
			name = Release;
		};
		58D7BFF41A3698B000F15DF4 /* Debug */ = {
			isa = XCBuildConfiguration;
			buildSettings = {
				GCC_PREPROCESSOR_DEFINITIONS = (
					"DEBUG=1",
					"$(inherited)",
				);
				INFOPLIST_FILE = "NoteifyMe WatchKit Extension/Info.plist";
				LD_RUNPATH_SEARCH_PATHS = "$(inherited) @executable_path/Frameworks @executable_path/../../Frameworks";
				PRODUCT_NAME = "${TARGET_NAME}";
				SKIP_INSTALL = YES;
			};
			name = Debug;
		};
		58D7BFF51A3698B000F15DF4 /* Release */ = {
			isa = XCBuildConfiguration;
			buildSettings = {
				INFOPLIST_FILE = "NoteifyMe WatchKit Extension/Info.plist";
				LD_RUNPATH_SEARCH_PATHS = "$(inherited) @executable_path/Frameworks @executable_path/../../Frameworks";
				PRODUCT_NAME = "${TARGET_NAME}";
				SKIP_INSTALL = YES;
			};
			name = Release;
		};
/* End XCBuildConfiguration section */

/* Begin XCConfigurationList section */
		58D7BF951A3697B700F15DF4 /* Build configuration list for PBXProject "NoteifyMe" */ = {
			isa = XCConfigurationList;
			buildConfigurations = (
				58D7BFB71A3697B700F15DF4 /* Debug */,
				58D7BFB81A3697B700F15DF4 /* Release */,
			);
			defaultConfigurationIsVisible = 0;
			defaultConfigurationName = Release;
		};
		58D7BFB91A3697B700F15DF4 /* Build configuration list for PBXNativeTarget "NoteifyMe" */ = {
			isa = XCConfigurationList;
			buildConfigurations = (
				58D7BFBA1A3697B700F15DF4 /* Debug */,
				58D7BFBB1A3697B700F15DF4 /* Release */,
			);
			defaultConfigurationIsVisible = 0;
		};
		58D7BFBC1A3697B700F15DF4 /* Build configuration list for PBXNativeTarget "NoteifyMeTests" */ = {
			isa = XCConfigurationList;
			buildConfigurations = (
				58D7BFBD1A3697B700F15DF4 /* Debug */,
				58D7BFBE1A3697B700F15DF4 /* Release */,
			);
			defaultConfigurationIsVisible = 0;
		};
		58D7BFF01A3698B000F15DF4 /* Build configuration list for PBXNativeTarget "NoteifyMe Watch App" */ = {
			isa = XCConfigurationList;
			buildConfigurations = (
				58D7BFF11A3698B000F15DF4 /* Debug */,
				58D7BFF21A3698B000F15DF4 /* Release */,
			);
			defaultConfigurationIsVisible = 0;
		};
		58D7BFF31A3698B000F15DF4 /* Build configuration list for PBXNativeTarget "NoteifyMe WatchKit Extension" */ = {
			isa = XCConfigurationList;
			buildConfigurations = (
				58D7BFF41A3698B000F15DF4 /* Debug */,
				58D7BFF51A3698B000F15DF4 /* Release */,
			);
			defaultConfigurationIsVisible = 0;
		};
/* End XCConfigurationList section */
	};
	rootObject = 58D7BF921A3697B700F15DF4 /* Project object */;
}
