<?xml version="1.0" encoding="UTF-8"?>
<Scheme
   LastUpgradeVersion = "0620"
   version = "1.8">
   <BuildAction
      parallelizeBuildables = "YES"
      buildImplicitDependencies = "YES">
      <BuildActionEntries>
         <BuildActionEntry
            buildForTesting = "YES"
            buildForRunning = "YES"
            buildForProfiling = "YES"
            buildForArchiving = "YES"
            buildForAnalyzing = "YES">
            <BuildableReference
               BuildableIdentifier = "primary"
               BlueprintIdentifier = "58D7BFE11A3698B000F15DF4"
               BuildableName = "NoteifyMe Watch App.app"
               BlueprintName = "NoteifyMe Watch App"
               ReferencedContainer = "container:NoteifyMe.xcodeproj">
            </BuildableReference>
         </BuildActionEntry>
         <BuildActionEntry
            buildForTesting = "YES"
            buildForRunning = "YES"
            buildForProfiling = "YES"
            buildForArchiving = "YES"
            buildForAnalyzing = "YES">
            <BuildableReference
               BuildableIdentifier = "primary"
               BlueprintIdentifier = "58D7BF991A3697B700F15DF4"
               BuildableName = "NoteifyMe.app"
               BlueprintName = "NoteifyMe"
               ReferencedContainer = "container:NoteifyMe.xcodeproj">
            </BuildableReference>
         </BuildActionEntry>
         <BuildActionEntry
            buildForTesting = "YES"
            buildForRunning = "YES"
            buildForProfiling = "YES"
            buildForArchiving = "YES"
            buildForAnalyzing = "YES">
            <BuildableReference
               BuildableIdentifier = "primary"
               BlueprintIdentifier = "58D7BFCF1A3698B000F15DF4"
               BuildableName = "NoteifyMe WatchKit Extension.appex"
               BlueprintName = "NoteifyMe WatchKit Extension"
               ReferencedContainer = "container:NoteifyMe.xcodeproj">
            </BuildableReference>
         </BuildActionEntry>
         <BuildActionEntry
            buildForTesting = "YES"
            buildForRunning = "YES"
            buildForProfiling = "NO"
            buildForArchiving = "NO"
            buildForAnalyzing = "YES">
            <BuildableReference
               BuildableIdentifier = "primary"
               BlueprintIdentifier = "580BDB631A5A3F4A00BF6807"
               BuildableName = "NoteifyMeFrameworkTests.xctest"
               BlueprintName = "NoteifyMeFrameworkTests"
               ReferencedContainer = "container:NoteifyMe.xcodeproj">
            </BuildableReference>
         </BuildActionEntry>
      </BuildActionEntries>
   </BuildAction>
   <TestAction
      selectedDebuggerIdentifier = "Xcode.DebuggerFoundation.Debugger.LLDB"
      selectedLauncherIdentifier = "Xcode.DebuggerFoundation.Launcher.LLDB"
      shouldUseLaunchSchemeArgsEnv = "YES"
      buildConfiguration = "Debug">
      <Testables>
         <TestableReference
            skipped = "NO">
            <BuildableReference
               BuildableIdentifier = "primary"
               BlueprintIdentifier = "580BDB631A5A3F4A00BF6807"
               BuildableName = "NoteifyMeFrameworkTests.xctest"
               BlueprintName = "NoteifyMeFrameworkTests"
               ReferencedContainer = "container:NoteifyMe.xcodeproj">
            </BuildableReference>
         </TestableReference>
      </Testables>
      <MacroExpansion>
         <BuildableReference
            BuildableIdentifier = "primary"
            BlueprintIdentifier = "58D7BFE11A3698B000F15DF4"
            BuildableName = "NoteifyMe Watch App.app"
            BlueprintName = "NoteifyMe Watch App"
            ReferencedContainer = "container:NoteifyMe.xcodeproj">
         </BuildableReference>
      </MacroExpansion>
   </TestAction>
   <LaunchAction
      selectedDebuggerIdentifier = "Xcode.DebuggerFoundation.Debugger.LLDB"
      selectedLauncherIdentifier = "Xcode.DebuggerFoundation.Launcher.LLDB"
      launchStyle = "0"
      useCustomWorkingDirectory = "NO"
      buildConfiguration = "Debug"
      ignoresPersistentStateOnLaunch = "NO"
      debugDocumentVersioning = "YES"
      allowLocationSimulation = "YES">
      <RemoteRunnable
         runnableDebuggingMode = "2"
         BundleIdentifier = "com.apple.springboard"
         RemotePath = "/NoteifyMe">
         <BuildableReference
            BuildableIdentifier = "primary"
            BlueprintIdentifier = "58D7BFE11A3698B000F15DF4"
            BuildableName = "NoteifyMe Watch App.app"
            BlueprintName = "NoteifyMe Watch App"
            ReferencedContainer = "container:NoteifyMe.xcodeproj">
         </BuildableReference>
      </RemoteRunnable>
      <MacroExpansion>
         <BuildableReference
            BuildableIdentifier = "primary"
            BlueprintIdentifier = "58D7BFE11A3698B000F15DF4"
            BuildableName = "NoteifyMe Watch App.app"
            BlueprintName = "NoteifyMe Watch App"
            ReferencedContainer = "container:NoteifyMe.xcodeproj">
         </BuildableReference>
      </MacroExpansion>
      <AdditionalOptions>
      </AdditionalOptions>
   </LaunchAction>
   <ProfileAction
      shouldUseLaunchSchemeArgsEnv = "YES"
      savedToolIdentifier = ""
      useCustomWorkingDirectory = "NO"
      buildConfiguration = "Release"
      debugDocumentVersioning = "YES">
      <MacroExpansion>
         <BuildableReference
            BuildableIdentifier = "primary"
            BlueprintIdentifier = "58D7BFE11A3698B000F15DF4"
            BuildableName = "NoteifyMe Watch App.app"
            BlueprintName = "NoteifyMe Watch App"
            ReferencedContainer = "container:NoteifyMe.xcodeproj">
         </BuildableReference>
      </MacroExpansion>
      <RemoteRunnable
         runnableDebuggingMode = "2"
         BundleIdentifier = "com.apple.springboard"
         RemotePath = "/NoteifyMe">
         <BuildableReference
            BuildableIdentifier = "primary"
            BlueprintIdentifier = "58D7BFE11A3698B000F15DF4"
            BuildableName = "NoteifyMe Watch App.app"
            BlueprintName = "NoteifyMe Watch App"
            ReferencedContainer = "container:NoteifyMe.xcodeproj">
         </BuildableReference>
      </RemoteRunnable>
   </ProfileAction>
   <AnalyzeAction
      buildConfiguration = "Debug">
   </AnalyzeAction>
   <ArchiveAction
      buildConfiguration = "Release"
      revealArchiveInOrganizer = "YES">
   </ArchiveAction>
</Scheme>
